
Microsoft Visual Studio Solution File, Format Version 12.00
# Visual Studio Version 16
VisualStudioVersion = 16.0.30011.22
MinimumVisualStudioVersion = 10.0.40219.1
Project("{FAE04EC0-301F-11D3-BF4B-00C04F79EFBC}") = "WindowsFormsApp4", "WindowsFormsApp4\WindowsFormsApp4.csproj", "{3BA05881-BBE1-4B3A-A54A-42EFD1687815}"
EndProject
Global
	GlobalSection(SolutionConfigurationPlatforms) = preSolution
		Debug|Any CPU = Debug|Any CPU
		Release|Any CPU = Release|Any CPU
	EndGlobalSection
	GlobalSection(ProjectConfigurationPlatforms) = postSolution
		{3BA05881-BBE1-4B3A-A54A-42EFD1687815}.Debug|Any CPU.ActiveCfg = Debug|Any CPU
		{3BA05881-BBE1-4B3A-A54A-42EFD1687815}.Debug|Any CPU.Build.0 = Debug|Any CPU
		{3BA05881-BBE1-4B3A-A54A-42EFD1687815}.Release|Any CPU.ActiveCfg = Release|Any CPU
		{3BA05881-BBE1-4B3A-A54A-42EFD1687815}.Release|Any CPU.Build.0 = Release|Any CPU
	EndGlobalSection
	GlobalSection(SolutionProperties) = preSolution
		HideSolutionNode = FALSE
	EndGlobalSection
	GlobalSection(ExtensibilityGlobals) = postSolution
		SolutionGuid = {C47C04D8-2FBD-4F10-9112-C9EBAB2C2FF6}
	EndGlobalSection
EndGlobal
